<Solution>
  <Folder Name="/Solution Items/">
    <File Path="flow.txt" />
  </Folder>
  <Project Path="MusicHub.API/MusicHub.API.csproj" />
  <Project Path="MusicHub.Application/MusicHub.Application.csproj" />
  <Project Path="MusicHub.Domain/MusicHub.Domain.csproj" />
  <Project Path="MusicHub.Infrastructure/MusicHub.Infrastructure.csproj" />
</Solution>
